
Microsoft Visual Studio Solution File, Format Version 12.00
# Visual Studio Version 16
VisualStudioVersion = 16.0.810.19
MinimumVisualStudioVersion = 10.0.40219.1
Project("{FAE04EC0-301F-11D3-BF4B-00C04F79EFBC}") = "Bookstore", "Bookstore\Bookstore.csproj", "{CE9669C5-0ECA-4194-8515-60314810974E}"
EndProject
Global
	GlobalSection(SolutionConfigurationPlatforms) = preSolution
		Debug|Any CPU = Debug|Any CPU
		Release|Any CPU = Release|Any CPU
	EndGlobalSection
	GlobalSection(ProjectConfigurationPlatforms) = postSolution
		{CE9669C5-0ECA-4194-8515-60314810974E}.Debug|Any CPU.ActiveCfg = Debug|Any CPU
		{CE9669C5-0ECA-4194-8515-60314810974E}.Debug|Any CPU.Build.0 = Debug|Any CPU
		{CE9669C5-0ECA-4194-8515-60314810974E}.Release|Any CPU.ActiveCfg = Release|Any CPU
		{CE9669C5-0ECA-4194-8515-60314810974E}.Release|Any CPU.Build.0 = Release|Any CPU
	EndGlobalSection
	GlobalSection(SolutionProperties) = preSolution
		HideSolutionNode = FALSE
	EndGlobalSection
	GlobalSection(ExtensibilityGlobals) = postSolution
		SolutionGuid = {5A71811E-AF9B-4D5F-8AF5-9940A426FAC1}
	EndGlobalSection
EndGlobal
